
Microsoft Visual Studio Solution File, Format Version 12.00
Project("{FAE04EC0-301F-11D3-BF4B-00C04F79EFBC}") = "Catalog", "Catalog\Catalog.csproj", "{92760B29-9969-4AAE-9112-F6D3DB5890EB}"
EndProject
Global
	GlobalSection(SolutionConfigurationPlatforms) = preSolution
		Debug|Any CPU = Debug|Any CPU
		Release|Any CPU = Release|Any CPU
	EndGlobalSection
	GlobalSection(ProjectConfigurationPlatforms) = postSolution
		{92760B29-9969-4AAE-9112-F6D3DB5890EB}.Debug|Any CPU.ActiveCfg = Debug|Any CPU
		{92760B29-9969-4AAE-9112-F6D3DB5890EB}.Debug|Any CPU.Build.0 = Debug|Any CPU
		{92760B29-9969-4AAE-9112-F6D3DB5890EB}.Release|Any CPU.ActiveCfg = Release|Any CPU
		{92760B29-9969-4AAE-9112-F6D3DB5890EB}.Release|Any CPU.Build.0 = Release|Any CPU
	EndGlobalSection
EndGlobal
